<?xml version="1.0" encoding="utf-8"?>
<Project ToolsVersion="4.0" xmlns="http://schemas.microsoft.com/developer/msbuild/2003">
  <ItemGroup>
    <Filter Include="源文件">
      <UniqueIdentifier>{4FC737F1-C7A5-4376-A066-2A32D752A2FF}</UniqueIdentifier>
      <Extensions>cpp;c;cc;cxx;def;odl;idl;hpj;bat;asm;asmx</Extensions>
    </Filter>
    <Filter Include="头文件">
      <UniqueIdentifier>{93995380-89BD-4b04-88EB-625FBE52EBFB}</UniqueIdentifier>
      <Extensions>h;hh;hpp;hxx;hm;inl;inc;xsd</Extensions>
    </Filter>
    <Filter Include="资源文件">
      <UniqueIdentifier>{67DA6AB6-F800-4c08-8B7A-83BB121AAD01}</UniqueIdentifier>
      <Extensions>rc;ico;cur;bmp;dlg;rc2;rct;bin;rgs;gif;jpg;jpeg;jpe;resx;tiff;tif;png;wav;mfcribbon-ms</Extensions>
    </Filter>
    <Filter Include="源文件\Boost智能指针">
      <UniqueIdentifier>{077243fe-9204-466d-b81a-ebddc9f503cb}</UniqueIdentifier>
    </Filter>
    <Filter Include="源文件\理解std::function">
      <UniqueIdentifier>{c0714b6f-b0c0-4ddd-b6a5-307d8db721a6}</UniqueIdentifier>
    </Filter>
    <Filter Include="源文件\Thread">
      <UniqueIdentifier>{f845cff2-b03b-4276-817f-d1b0f7629109}</UniqueIdentifier>
    </Filter>
    <Filter Include="源文件\Chrono">
      <UniqueIdentifier>{5413549b-966b-4617-ac17-7381fb225d27}</UniqueIdentifier>
    </Filter>
    <Filter Include="源文件\Test">
      <UniqueIdentifier>{93017e4d-81b3-4fcb-96e8-0a07cc3b4947}</UniqueIdentifier>
    </Filter>
    <Filter Include="Ref">
      <UniqueIdentifier>{254dd59e-8755-46e5-8a76-e75fe99bd81c}</UniqueIdentifier>
    </Filter>
    <Filter Include="源文件\Exception">
      <UniqueIdentifier>{0f0e3091-73ef-4c79-836a-a3058ecab363}</UniqueIdentifier>
    </Filter>
    <Filter Include="源文件\其他">
      <UniqueIdentifier>{a79b5360-61ad-4fd8-8f60-7717e467e51b}</UniqueIdentifier>
    </Filter>
    <Filter Include="源文件\第3章内存管理">
      <UniqueIdentifier>{7c290973-9fcd-4a61-a818-a1c92ee2bc5a}</UniqueIdentifier>
    </Filter>
    <Filter Include="源文件\第3章内存管理\std::auto_ptr">
      <UniqueIdentifier>{aec79ab5-e305-401b-9b46-c4314f91e26f}</UniqueIdentifier>
    </Filter>
    <Filter Include="源文件\第3章内存管理\scope_ptr">
      <UniqueIdentifier>{7bdc0b11-3931-4aa1-955c-0b608cfd0a81}</UniqueIdentifier>
    </Filter>
    <Filter Include="源文件\第3章内存管理\shared_ptr">
      <UniqueIdentifier>{994f3a55-589d-4702-9c89-74aeb6b62c62}</UniqueIdentifier>
    </Filter>
    <Filter Include="源文件\第3章内存管理\unique_ptr">
      <UniqueIdentifier>{f69bda29-6ff1-41a9-bf27-7b9361a52e7c}</UniqueIdentifier>
    </Filter>
    <Filter Include="源文件\第3章内存管理\weak_ptr">
      <UniqueIdentifier>{3e43a219-8da2-4fe2-adda-d45cc8d9c0f3}</UniqueIdentifier>
    </Filter>
    <Filter Include="源文件\第3章内存管理\intrusive_ptr">
      <UniqueIdentifier>{54f90df2-ce19-44f0-92d8-0966c16bb0af}</UniqueIdentifier>
    </Filter>
    <Filter Include="源文件\第3章内存管理\pool">
      <UniqueIdentifier>{04b597b1-1be6-44d5-a39f-56f1d30ab0f7}</UniqueIdentifier>
    </Filter>
    <Filter Include="源文件\第5章字符串与文本处理">
      <UniqueIdentifier>{c605b78e-faf7-4cd3-90ff-201a5a4c29f1}</UniqueIdentifier>
    </Filter>
    <Filter Include="源文件\第5章字符串与文本处理\xpressive">
      <UniqueIdentifier>{716bfa62-b7ca-4a44-bed3-33895caa9003}</UniqueIdentifier>
    </Filter>
    <Filter Include="源文件\第5章字符串与文本处理\lexical_cast">
      <UniqueIdentifier>{bcfde73a-9923-455a-b4b0-696acc84e3c1}</UniqueIdentifier>
    </Filter>
    <Filter Include="源文件\第5章字符串与文本处理\format">
      <UniqueIdentifier>{204d5735-78fd-45c4-85ef-bf67a6ac5a86}</UniqueIdentifier>
    </Filter>
    <Filter Include="源文件\第5章字符串与文本处理\string_algo">
      <UniqueIdentifier>{238ac97b-348c-45f2-8b2e-dc16c28133d4}</UniqueIdentifier>
    </Filter>
    <Filter Include="源文件\第7章容器与数据结构">
      <UniqueIdentifier>{f6f39173-f42d-4526-93c0-ca35cebf3ddf}</UniqueIdentifier>
    </Filter>
    <Filter Include="源文件\第7章容器与数据结构\array">
      <UniqueIdentifier>{ae39828f-47e9-4fc0-824f-ea39b53a5bb1}</UniqueIdentifier>
    </Filter>
    <Filter Include="源文件\第7章容器与数据结构\dynamic_bitset">
      <UniqueIdentifier>{340011a8-1e70-4322-b982-ec9fba1c3c4c}</UniqueIdentifier>
    </Filter>
    <Filter Include="源文件\第7章容器与数据结构\tuple">
      <UniqueIdentifier>{134a1d4c-8eed-4e86-93f0-1c570cc047fc}</UniqueIdentifier>
    </Filter>
    <Filter Include="源文件\第7章容器与数据结构\any">
      <UniqueIdentifier>{65b2f33b-3e1f-4c9e-8cb3-c696942304a9}</UniqueIdentifier>
    </Filter>
    <Filter Include="源文件\第7章容器与数据结构\variant">
      <UniqueIdentifier>{57b37208-1a7c-4eff-b456-18ed9a0f1ad0}</UniqueIdentifier>
    </Filter>
    <Filter Include="源文件\第7章容器与数据结构\multi_array">
      <UniqueIdentifier>{63210cab-c4b0-4731-80fb-67a15cae6bae}</UniqueIdentifier>
    </Filter>
    <Filter Include="源文件\第10章操作系统相关">
      <UniqueIdentifier>{955e64dd-6a2d-4f10-a2ee-e9e0d9a737d4}</UniqueIdentifier>
    </Filter>
    <Filter Include="源文件\第10章操作系统相关\filesystem">
      <UniqueIdentifier>{06c1d2ce-622a-4ba2-9fbd-deb265d28419}</UniqueIdentifier>
    </Filter>
    <Filter Include="源文件\第11章函数与回调">
      <UniqueIdentifier>{a8ca300d-c152-4fed-9410-8791c24da4c4}</UniqueIdentifier>
    </Filter>
    <Filter Include="源文件\第11章函数与回调\ref">
      <UniqueIdentifier>{ed639d3d-4871-475a-b7b8-e2b7bc3a400a}</UniqueIdentifier>
    </Filter>
    <Filter Include="源文件\第11章函数与回调\bind">
      <UniqueIdentifier>{653d0b7b-9f04-4303-8b1e-c514f1654c59}</UniqueIdentifier>
    </Filter>
    <Filter Include="源文件\第11章函数与回调\function">
      <UniqueIdentifier>{d74f39f5-f19f-400b-ba0e-815c7380000d}</UniqueIdentifier>
    </Filter>
    <Filter Include="源文件\第11章函数与回调\signal">
      <UniqueIdentifier>{321c3270-ca74-4580-b398-e81fef76cb8e}</UniqueIdentifier>
    </Filter>
    <Filter Include="源文件\第12章并发编程">
      <UniqueIdentifier>{0b593d7e-46bb-4da5-958e-1fe08364e9e9}</UniqueIdentifier>
    </Filter>
    <Filter Include="源文件\第12章网络通信">
      <UniqueIdentifier>{c430aec0-5a8d-43cb-adc8-8a76ffedb753}</UniqueIdentifier>
    </Filter>
  </ItemGroup>
  <ItemGroup>
    <ClCompile Include="ScopedPtr.cpp">
      <Filter>源文件\Boost智能指针</Filter>
    </ClCompile>
    <ClCompile Include="ScopedArray.cpp">
      <Filter>源文件\Boost智能指针</Filter>
    </ClCompile>
    <ClCompile Include="boost随机数.cpp">
      <Filter>源文件\Boost智能指针</Filter>
    </ClCompile>
    <ClCompile Include="SharedPtr.cpp">
      <Filter>源文件\Boost智能指针</Filter>
    </ClCompile>
    <ClCompile Include="WeakPtr.cpp">
      <Filter>源文件\Boost智能指针</Filter>
    </ClCompile>
    <ClCompile Include="Unordered.cpp">
      <Filter>源文件\Boost智能指针</Filter>
    </ClCompile>
    <ClCompile Include="Thread.cpp">
      <Filter>源文件\Boost智能指针</Filter>
    </ClCompile>
    <ClCompile Include="Bind.cpp">
      <Filter>源文件\Boost智能指针</Filter>
    </ClCompile>
    <ClCompile Include="Function1.cpp">
      <Filter>源文件\理解std::function</Filter>
    </ClCompile>
    <ClCompile Include="回调函数.cpp">
      <Filter>源文件\理解std::function</Filter>
    </ClCompile>
    <ClCompile Include="Function2.cpp">
      <Filter>源文件\理解std::function</Filter>
    </ClCompile>
    <ClCompile Include="Ref.cpp">
      <Filter>Ref</Filter>
    </ClCompile>
    <ClCompile Include="Sample.cpp">
      <Filter>源文件\Thread</Filter>
    </ClCompile>
    <ClCompile Include="functionDemo.cpp">
      <Filter>源文件\Thread</Filter>
    </ClCompile>
    <ClCompile Include="Tuple.cpp">
      <Filter>源文件\Thread</Filter>
    </ClCompile>
    <ClCompile Include="chronoDemo1.cpp">
      <Filter>源文件\Chrono</Filter>
    </ClCompile>
    <ClCompile Include="TestDemo1.cpp">
      <Filter>源文件\Test</Filter>
    </ClCompile>
    <ClCompile Include="ExceptionDemo.cpp">
      <Filter>源文件\Exception</Filter>
    </ClCompile>
    <ClCompile Include="ExceptionDemo2.cpp">
      <Filter>源文件\Exception</Filter>
    </ClCompile>
    <ClCompile Include="Containers_Array.cpp">
      <Filter>源文件\其他</Filter>
    </ClCompile>
    <ClCompile Include="Function.cpp">
      <Filter>源文件\其他</Filter>
    </ClCompile>
    <ClCompile Include="ProgramOptions.cpp">
      <Filter>源文件\其他</Filter>
    </ClCompile>
    <ClCompile Include="SmartPointer.cpp">
      <Filter>源文件\其他</Filter>
    </ClCompile>
    <ClCompile Include="SmartPointer2.cpp">
      <Filter>源文件\其他</Filter>
    </ClCompile>
    <ClCompile Include="WalkDirectory.cpp">
      <Filter>源文件\其他</Filter>
    </ClCompile>
    <ClCompile Include="autoptr.cpp">
      <Filter>源文件\第3章内存管理\std::auto_ptr</Filter>
    </ClCompile>
    <ClCompile Include="scopeptr.cpp">
      <Filter>源文件\第3章内存管理\scope_ptr</Filter>
    </ClCompile>
    <ClCompile Include="uniqueptr.cpp">
      <Filter>源文件\第3章内存管理\unique_ptr</Filter>
    </ClCompile>
    <ClCompile Include="boostsharedptr.cpp">
      <Filter>源文件\第3章内存管理\shared_ptr</Filter>
    </ClCompile>
    <ClCompile Include="stdsharedptr.cpp">
      <Filter>源文件\第3章内存管理\shared_ptr</Filter>
    </ClCompile>
    <ClCompile Include="uniqueptr2.cpp">
      <Filter>源文件\第3章内存管理\unique_ptr</Filter>
    </ClCompile>
    <ClCompile Include="scopeptr2.cpp">
      <Filter>源文件\第3章内存管理\scope_ptr</Filter>
    </ClCompile>
    <ClCompile Include="uniqueptr3.cpp">
      <Filter>源文件\第3章内存管理\unique_ptr</Filter>
    </ClCompile>
    <ClCompile Include="weakptr1.cpp">
      <Filter>源文件\第3章内存管理\weak_ptr</Filter>
    </ClCompile>
    <ClCompile Include="weakptr2.cpp">
      <Filter>源文件\第3章内存管理\weak_ptr</Filter>
    </ClCompile>
    <ClCompile Include="weakptr3.cpp">
      <Filter>源文件\第3章内存管理\weak_ptr</Filter>
    </ClCompile>
    <ClCompile Include="intrusiveptr.cpp">
      <Filter>源文件\第3章内存管理\intrusive_ptr</Filter>
    </ClCompile>
    <ClCompile Include="pool1.cpp">
      <Filter>源文件\第3章内存管理\pool</Filter>
    </ClCompile>
    <ClCompile Include="objectpool.cpp">
      <Filter>源文件\第3章内存管理\pool</Filter>
    </ClCompile>
    <ClCompile Include="std_regex.cpp">
      <Filter>源文件\第5章字符串与文本处理\lexical_cast</Filter>
    </ClCompile>
    <ClCompile Include="lexicalcast1.cpp">
      <Filter>源文件\第5章字符串与文本处理\lexical_cast</Filter>
    </ClCompile>
    <ClCompile Include="format1.cpp">
      <Filter>源文件\第5章字符串与文本处理\format</Filter>
    </ClCompile>
    <ClCompile Include="string_algo1.cpp">
      <Filter>源文件\第5章字符串与文本处理\string_algo</Filter>
    </ClCompile>
    <ClCompile Include="xpressive1.cpp">
      <Filter>源文件\第5章字符串与文本处理\xpressive</Filter>
    </ClCompile>
    <ClCompile Include="array.cpp">
      <Filter>源文件\第7章容器与数据结构\array</Filter>
    </ClCompile>
    <ClCompile Include="bitset1.cpp">
      <Filter>源文件\第7章容器与数据结构\dynamic_bitset</Filter>
    </ClCompile>
    <ClCompile Include="tuple1.cpp">
      <Filter>源文件\第7章容器与数据结构\tuple</Filter>
    </ClCompile>
    <ClCompile Include="any1.cpp">
      <Filter>源文件\第7章容器与数据结构\any</Filter>
    </ClCompile>
    <ClCompile Include="variant.cpp">
      <Filter>源文件\第7章容器与数据结构\variant</Filter>
    </ClCompile>
    <ClCompile Include="multiarray1.cpp">
      <Filter>源文件\第7章容器与数据结构\multi_array</Filter>
    </ClCompile>
    <ClCompile Include="filesystem1.cpp">
      <Filter>源文件\第10章操作系统相关\filesystem</Filter>
    </ClCompile>
    <ClCompile Include="filesystem2.cpp">
      <Filter>源文件\第10章操作系统相关\filesystem</Filter>
    </ClCompile>
    <ClCompile Include="filesystem3.cpp">
      <Filter>源文件\第10章操作系统相关\filesystem</Filter>
    </ClCompile>
    <ClCompile Include="ref1.cpp">
      <Filter>源文件\第11章函数与回调\ref</Filter>
    </ClCompile>
    <ClCompile Include="ref2.cpp">
      <Filter>源文件\第11章函数与回调\ref</Filter>
    </ClCompile>
    <ClCompile Include="ref0.cpp">
      <Filter>源文件\第11章函数与回调\ref</Filter>
    </ClCompile>
    <ClCompile Include="bind1.cpp">
      <Filter>源文件\第11章函数与回调\bind</Filter>
    </ClCompile>
    <ClCompile Include="bind2.cpp">
      <Filter>源文件\第11章函数与回调\bind</Filter>
    </ClCompile>
    <ClCompile Include="bind3.cpp">
      <Filter>源文件\第11章函数与回调\bind</Filter>
    </ClCompile>
    <ClCompile Include="bind4.cpp">
      <Filter>源文件\第11章函数与回调\bind</Filter>
    </ClCompile>
    <ClCompile Include="function_1.cpp">
      <Filter>源文件\第11章函数与回调\function</Filter>
    </ClCompile>
    <ClCompile Include="function_2.cpp">
      <Filter>源文件\第11章函数与回调\function</Filter>
    </ClCompile>
    <ClCompile Include="signal1.cpp">
      <Filter>源文件\第11章函数与回调\signal</Filter>
    </ClCompile>
    <ClCompile Include="signal2.cpp">
      <Filter>源文件\第11章函数与回调\signal</Filter>
    </ClCompile>
    <ClCompile Include="signal3.cpp">
      <Filter>源文件\第11章函数与回调\signal</Filter>
    </ClCompile>
    <ClCompile Include="signal4.cpp">
      <Filter>源文件\第11章函数与回调\signal</Filter>
    </ClCompile>
    <ClCompile Include="signal5.cpp">
      <Filter>源文件\第11章函数与回调\signal</Filter>
    </ClCompile>
    <ClCompile Include="signal6.cpp">
      <Filter>源文件\第11章函数与回调\signal</Filter>
    </ClCompile>
    <ClCompile Include="signal7.cpp">
      <Filter>源文件\第11章函数与回调\signal</Filter>
    </ClCompile>
    <ClCompile Include="signal8.cpp">
      <Filter>源文件\第11章函数与回调\signal</Filter>
    </ClCompile>
    <ClCompile Include="signalDemo.cpp">
      <Filter>源文件\第11章函数与回调\signal</Filter>
    </ClCompile>
    <ClCompile Include="测试extern.cpp">
      <Filter>源文件\第11章函数与回调\signal</Filter>
    </ClCompile>
    <ClCompile Include="Mutex.cpp">
      <Filter>源文件\第12章并发编程</Filter>
    </ClCompile>
    <ClCompile Include="ConditionVariable.cpp">
      <Filter>源文件\第12章并发编程</Filter>
    </ClCompile>
    <ClCompile Include="stdregex.cpp">
      <Filter>源文件\第5章字符串与文本处理\xpressive</Filter>
    </ClCompile>
    <ClCompile Include="stdthread.cpp">
      <Filter>源文件\第12章并发编程</Filter>
    </ClCompile>
    <ClCompile Include="stdthread2.cpp">
      <Filter>源文件\第12章并发编程</Filter>
    </ClCompile>
    <ClCompile Include="stdthread3.cpp">
      <Filter>源文件\第12章并发编程</Filter>
    </ClCompile>
    <ClCompile Include="stdthread4.cpp">
      <Filter>源文件\第12章并发编程</Filter>
    </ClCompile>
    <ClCompile Include="stdthread5.cpp">
      <Filter>源文件\第12章并发编程</Filter>
    </ClCompile>
    <ClCompile Include="stdthread6.cpp">
      <Filter>源文件\第12章并发编程</Filter>
    </ClCompile>
    <ClCompile Include="stdthread7.cpp">
      <Filter>源文件\第12章并发编程</Filter>
    </ClCompile>
    <ClCompile Include="stdthread8.cpp">
      <Filter>源文件\第12章并发编程</Filter>
    </ClCompile>
    <ClCompile Include="stdthread9.cpp">
      <Filter>源文件\第12章并发编程</Filter>
    </ClCompile>
    <ClCompile Include="单生产者-单消费者模型.cpp">
      <Filter>源文件\第12章并发编程</Filter>
    </ClCompile>
    <ClCompile Include="future.cpp">
      <Filter>源文件\第12章并发编程</Filter>
    </ClCompile>
    <ClCompile Include="server1.cpp">
      <Filter>源文件\第12章网络通信</Filter>
    </ClCompile>
    <ClCompile Include="client1.cpp">
      <Filter>源文件\第12章网络通信</Filter>
    </ClCompile>
  </ItemGroup>
  <ItemGroup>
    <ClInclude Include="resource.h">
      <Filter>头文件</Filter>
    </ClInclude>
    <ClInclude Include="slots.h">
      <Filter>源文件\第11章函数与回调\signal</Filter>
    </ClInclude>
  </ItemGroup>
</Project>